
Microsoft Visual Studio Solution File, Format Version 12.00
# Visual Studio Version 17
VisualStudioVersion = 17.10.35013.160
MinimumVisualStudioVersion = 10.0.40219.1
Project("{FAE04EC0-301F-11D3-BF4B-00C04F79EFBC}") = "DataValidation", "DataValidation\DataValidation.csproj", "{4767E2F5-F194-4383-AD19-70EC6405C6E7}"
EndProject
Global
	GlobalSection(SolutionConfigurationPlatforms) = preSolution
		Debug|Any CPU = Debug|Any CPU
		Release|Any CPU = Release|Any CPU
	EndGlobalSection
	GlobalSection(ProjectConfigurationPlatforms) = postSolution
		{4767E2F5-F194-4383-AD19-70EC6405C6E7}.Debug|Any CPU.ActiveCfg = Debug|Any CPU
		{4767E2F5-F194-4383-AD19-70EC6405C6E7}.Debug|Any CPU.Build.0 = Debug|Any CPU
		{4767E2F5-F194-4383-AD19-70EC6405C6E7}.Release|Any CPU.ActiveCfg = Release|Any CPU
		{4767E2F5-F194-4383-AD19-70EC6405C6E7}.Release|Any CPU.Build.0 = Release|Any CPU
	EndGlobalSection
	GlobalSection(SolutionProperties) = preSolution
		HideSolutionNode = FALSE
	EndGlobalSection
	GlobalSection(ExtensibilityGlobals) = postSolution
		SolutionGuid = {6BF59760-4D46-4CCA-88F8-AF16D41349DF}
	EndGlobalSection
EndGlobal
